github.com/taylormonacelli/forestfish v0.0.7 h1:tVgUgerYvl1RBkKIh+UT2+YxIPdTZwUOOwtYzCanrc0=
github.com/taylormonacelli/forestfish v0.0.7/go.mod h1:/r1GlaTaaRRtK+SzKz7pjRKmhl/9h1aiRNr2yJOoVm8=
github.com/taylormonacelli/goldbug v0.0.5 h1:7PplDdbe1ra+2XbLIS4kReVXmf0kSyOQoM1xicSH4H0=
github.com/taylormonacelli/goldbug v0.0.5/go.mod h1:HN8Mpu5DRSZSG6ZOGVZN06Suhnx2paUhXVyekhniaDI=
